
Microsoft Visual Studio Solution File, Format Version 12.00
# Visual Studio Version 17
VisualStudioVersion = 17.5.002.0
MinimumVisualStudioVersion = 10.0.40219.1
Project("{9A19103F-16F7-4668-BE54-9A1E7A4F7556}") = "to-do-list", "to-do-list.csproj", "{B3485490-A942-47CF-9E94-5DA01DAB4322}"
EndProject
Global
	GlobalSection(SolutionConfigurationPlatforms) = preSolution
		Debug|Any CPU = Debug|Any CPU
		Release|Any CPU = Release|Any CPU
	EndGlobalSection
	GlobalSection(ProjectConfigurationPlatforms) = postSolution
		{B3485490-A942-47CF-9E94-5DA01DAB4322}.Debug|Any CPU.ActiveCfg = Debug|Any CPU
		{B3485490-A942-47CF-9E94-5DA01DAB4322}.Debug|Any CPU.Build.0 = Debug|Any CPU
		{B3485490-A942-47CF-9E94-5DA01DAB4322}.Release|Any CPU.ActiveCfg = Release|Any CPU
		{B3485490-A942-47CF-9E94-5DA01DAB4322}.Release|Any CPU.Build.0 = Release|Any CPU
	EndGlobalSection
	GlobalSection(SolutionProperties) = preSolution
		HideSolutionNode = FALSE
	EndGlobalSection
	GlobalSection(ExtensibilityGlobals) = postSolution
		SolutionGuid = {86F43CDD-DD24-44FA-A18A-6781D2B1A3E4}
	EndGlobalSection
EndGlobal
